// !$*UTF8*$!
{
	archiveVersion = 1;
	classes = {
	};
	objectVersion = 50;
	objects = {

/* Begin PBXBuildFile section */
		FBD9DC65243C5A62004DBAED /* AppDelegate.swift in Sources */ = {isa = PBXBuildFile; fileRef = FBD9DC64243C5A62004DBAED /* AppDelegate.swift */; };
		FBD9DC69243C5A62004DBAED /* ViewController.swift in Sources */ = {isa = PBXBuildFile; fileRef = FBD9DC68243C5A62004DBAED /* ViewController.swift */; };
		FBD9DC6F243C5A62004DBAED /* withoutStoryboardDemo.xcdatamodeld in Sources */ = {isa = PBXBuildFile; fileRef = FBD9DC6D243C5A62004DBAED /* withoutStoryboardDemo.xcdatamodeld */; };
		FBD9DC71243C5A64004DBAED /* Assets.xcassets in Resources */ = {isa = PBXBuildFile; fileRef = FBD9DC70243C5A64004DBAED /* Assets.xcassets */; };
		FBD9DC74243C5A64004DBAED /* LaunchScreen.storyboard in Resources */ = {isa = PBXBuildFile; fileRef = FBD9DC72243C5A64004DBAED /* LaunchScreen.storyboard */; };
		FBD9DC7F243C5A64004DBAED /* withoutStoryboardDemoTests.swift in Sources */ = {isa = PBXBuildFile; fileRef = FBD9DC7E243C5A64004DBAED /* withoutStoryboardDemoTests.swift */; };
		FBD9DC8A243C5A64004DBAED /* withoutStoryboardDemoUITests.swift in Sources */ = {isa = PBXBuildFile; fileRef = FBD9DC89243C5A64004DBAED /* withoutStoryboardDemoUITests.swift */; };
/* End PBXBuildFile section */

/* Begin PBXContainerItemProxy section */
		FBD9DC7B243C5A64004DBAED /* PBXContainerItemProxy */ = {
			isa = PBXContainerItemProxy;
			containerPortal = FBD9DC59243C5A61004DBAED /* Project object */;
			proxyType = 1;
			remoteGlobalIDString = FBD9DC60243C5A61004DBAED;
			remoteInfo = withoutStoryboardDemo;
		};
		FBD9DC86243C5A64004DBAED /* PBXContainerItemProxy */ = {
			isa = PBXContainerItemProxy;
			containerPortal = FBD9DC59243C5A61004DBAED /* Project object */;
			proxyType = 1;
			remoteGlobalIDString = FBD9DC60243C5A61004DBAED;
			remoteInfo = withoutStoryboardDemo;
		};
/* End PBXContainerItemProxy section */

/* Begin PBXFileReference section */
		FBD9DC61243C5A61004DBAED /* withoutStoryboardDemo.app */ = {isa = PBXFileReference; explicitFileType = wrapper.application; includeInIndex = 0; path = withoutStoryboardDemo.app; sourceTree = BUILT_PRODUCTS_DIR; };
		FBD9DC64243C5A62004DBAED /* AppDelegate.swift */ = {isa = PBXFileReference; lastKnownFileType = sourcecode.swift; path = AppDelegate.swift; sourceTree = "<group>"; };
		FBD9DC68243C5A62004DBAED /* ViewController.swift */ = {isa = PBXFileReference; lastKnownFileType = sourcecode.swift; path = ViewController.swift; sourceTree = "<group>"; };
		FBD9DC6E243C5A62004DBAED /* withoutStoryboardDemo.xcdatamodel */ = {isa = PBXFileReference; lastKnownFileType = wrapper.xcdatamodel; path = withoutStoryboardDemo.xcdatamodel; sourceTree = "<group>"; };
		FBD9DC70243C5A64004DBAED /* Assets.xcassets */ = {isa = PBXFileReference; lastKnownFileType = folder.assetcatalog; path = Assets.xcassets; sourceTree = "<group>"; };
		FBD9DC73243C5A64004DBAED /* Base */ = {isa = PBXFileReference; lastKnownFileType = file.storyboard; name = Base; path = Base.lproj/LaunchScreen.storyboard; sourceTree = "<group>"; };
		FBD9DC75243C5A64004DBAED /* Info.plist */ = {isa = PBXFileReference; lastKnownFileType = text.plist.xml; path = Info.plist; sourceTree = "<group>"; };
		FBD9DC7A243C5A64004DBAED /* withoutStoryboardDemoTests.xctest */ = {isa = PBXFileReference; explicitFileType = wrapper.cfbundle; includeInIndex = 0; path = withoutStoryboardDemoTests.xctest; sourceTree = BUILT_PRODUCTS_DIR; };
		FBD9DC7E243C5A64004DBAED /* withoutStoryboardDemoTests.swift */ = {isa = PBXFileReference; lastKnownFileType = sourcecode.swift; path = withoutStoryboardDemoTests.swift; sourceTree = "<group>"; };
		FBD9DC80243C5A64004DBAED /* Info.plist */ = {isa = PBXFileReference; lastKnownFileType = text.plist.xml; path = Info.plist; sourceTree = "<group>"; };
		FBD9DC85243C5A64004DBAED /* withoutStoryboardDemoUITests.xctest */ = {isa = PBXFileReference; explicitFileType = wrapper.cfbundle; includeInIndex = 0; path = withoutStoryboardDemoUITests.xctest; sourceTree = BUILT_PRODUCTS_DIR; };
		FBD9DC89243C5A64004DBAED /* withoutStoryboardDemoUITests.swift */ = {isa = PBXFileReference; lastKnownFileType = sourcecode.swift; path = withoutStoryboardDemoUITests.swift; sourceTree = "<group>"; };
		FBD9DC8B243C5A64004DBAED /* Info.plist */ = {isa = PBXFileReference; lastKnownFileType = text.plist.xml; path = Info.plist; sourceTree = "<group>"; };
/* End PBXFileReference section */

/* Begin PBXFrameworksBuildPhase section */
		FBD9DC5E243C5A61004DBAED /* Frameworks */ = {
			isa = PBXFrameworksBuildPhase;
			buildActionMask = 2147483647;
			files = (
			);
			runOnlyForDeploymentPostprocessing = 0;
		};
		FBD9DC77243C5A64004DBAED /* Frameworks */ = {
			isa = PBXFrameworksBuildPhase;
			buildActionMask = 2147483647;
			files = (
			);
			runOnlyForDeploymentPostprocessing = 0;
		};
		FBD9DC82243C5A64004DBAED /* Frameworks */ = {
			isa = PBXFrameworksBuildPhase;
			buildActionMask = 2147483647;
			files = (
			);
			runOnlyForDeploymentPostprocessing = 0;
		};
/* End PBXFrameworksBuildPhase section */

/* Begin PBXGroup section */
		FBD9DC58243C5A61004DBAED = {
			isa = PBXGroup;
			children = (
				FBD9DC63243C5A62004DBAED /* withoutStoryboardDemo */,
				FBD9DC7D243C5A64004DBAED /* withoutStoryboardDemoTests */,
				FBD9DC88243C5A64004DBAED /* withoutStoryboardDemoUITests */,
				FBD9DC62243C5A62004DBAED /* Products */,
			);
			sourceTree = "<group>";
		};
		FBD9DC62243C5A62004DBAED /* Products */ = {
			isa = PBXGroup;
			children = (
				FBD9DC61243C5A61004DBAED /* withoutStoryboardDemo.app */,
				FBD9DC7A243C5A64004DBAED /* withoutStoryboardDemoTests.xctest */,
				FBD9DC85243C5A64004DBAED /* withoutStoryboardDemoUITests.xctest */,
			);
			name = Products;
			sourceTree = "<group>";
		};
		FBD9DC63243C5A62004DBAED /* withoutStoryboardDemo */ = {
			isa = PBXGroup;
			children = (
				FBD9DC64243C5A62004DBAED /* AppDelegate.swift */,
				FBD9DC68243C5A62004DBAED /* ViewController.swift */,
				FBD9DC70243C5A64004DBAED /* Assets.xcassets */,
				FBD9DC72243C5A64004DBAED /* LaunchScreen.storyboard */,
				FBD9DC75243C5A64004DBAED /* Info.plist */,
				FBD9DC6D243C5A62004DBAED /* withoutStoryboardDemo.xcdatamodeld */,
			);
			path = withoutStoryboardDemo;
			sourceTree = "<group>";
		};
		FBD9DC7D243C5A64004DBAED /* withoutStoryboardDemoTests */ = {
			isa = PBXGroup;
			children = (
				FBD9DC7E243C5A64004DBAED /* withoutStoryboardDemoTests.swift */,
				FBD9DC80243C5A64004DBAED /* Info.plist */,
			);
			path = withoutStoryboardDemoTests;
			sourceTree = "<group>";
		};
		FBD9DC88243C5A64004DBAED /* withoutStoryboardDemoUITests */ = {
			isa = PBXGroup;
			children = (
				FBD9DC89243C5A64004DBAED /* withoutStoryboardDemoUITests.swift */,
				FBD9DC8B243C5A64004DBAED /* Info.plist */,
			);
			path = withoutStoryboardDemoUITests;
			sourceTree = "<group>";
		};
/* End PBXGroup section */

/* Begin PBXNativeTarget section */
		FBD9DC60243C5A61004DBAED /* withoutStoryboardDemo */ = {
			isa = PBXNativeTarget;
			buildConfigurationList = FBD9DC8E243C5A64004DBAED /* Build configuration list for PBXNativeTarget "withoutStoryboardDemo" */;
			buildPhases = (
				FBD9DC5D243C5A61004DBAED /* Sources */,
				FBD9DC5E243C5A61004DBAED /* Frameworks */,
				FBD9DC5F243C5A61004DBAED /* Resources */,
			);
			buildRules = (
			);
			dependencies = (
			);
			name = withoutStoryboardDemo;
			productName = withoutStoryboardDemo;
			productReference = FBD9DC61243C5A61004DBAED /* withoutStoryboardDemo.app */;
			productType = "com.apple.product-type.application";
		};
		FBD9DC79243C5A64004DBAED /* withoutStoryboardDemoTests */ = {
			isa = PBXNativeTarget;
			buildConfigurationList = FBD9DC91243C5A64004DBAED /* Build configuration list for PBXNativeTarget "withoutStoryboardDemoTests" */;
			buildPhases = (
				FBD9DC76243C5A64004DBAED /* Sources */,
				FBD9DC77243C5A64004DBAED /* Frameworks */,
				FBD9DC78243C5A64004DBAED /* Resources */,
			);
			buildRules = (
			);
			dependencies = (
				FBD9DC7C243C5A64004DBAED /* PBXTargetDependency */,
			);
			name = withoutStoryboardDemoTests;
			productName = withoutStoryboardDemoTests;
			productReference = FBD9DC7A243C5A64004DBAED /* withoutStoryboardDemoTests.xctest */;
			productType = "com.apple.product-type.bundle.unit-test";
		};
		FBD9DC84243C5A64004DBAED /* withoutStoryboardDemoUITests */ = {
			isa = PBXNativeTarget;
			buildConfigurationList = FBD9DC94243C5A64004DBAED /* Build configuration list for PBXNativeTarget "withoutStoryboardDemoUITests" */;
			buildPhases = (
				FBD9DC81243C5A64004DBAED /* Sources */,
				FBD9DC82243C5A64004DBAED /* Frameworks */,
				FBD9DC83243C5A64004DBAED /* Resources */,
			);
			buildRules = (
			);
			dependencies = (
				FBD9DC87243C5A64004DBAED /* PBXTargetDependency */,
			);
			name = withoutStoryboardDemoUITests;
			productName = withoutStoryboardDemoUITests;
			productReference = FBD9DC85243C5A64004DBAED /* withoutStoryboardDemoUITests.xctest */;
			productType = "com.apple.product-type.bundle.ui-testing";
		};
/* End PBXNativeTarget section */

/* Begin PBXProject section */
		FBD9DC59243C5A61004DBAED /* Project object */ = {
			isa = PBXProject;
			attributes = {
				LastSwiftUpdateCheck = 1130;
				LastUpgradeCheck = 1130;
				ORGANIZATIONNAME = Jim;
				TargetAttributes = {
					FBD9DC60243C5A61004DBAED = {
						CreatedOnToolsVersion = 11.3.1;
					};
					FBD9DC79243C5A64004DBAED = {
						CreatedOnToolsVersion = 11.3.1;
						TestTargetID = FBD9DC60243C5A61004DBAED;
					};
					FBD9DC84243C5A64004DBAED = {
						CreatedOnToolsVersion = 11.3.1;
						TestTargetID = FBD9DC60243C5A61004DBAED;
					};
				};
			};
			buildConfigurationList = FBD9DC5C243C5A61004DBAED /* Build configuration list for PBXProject "withoutStoryboardDemo" */;
			compatibilityVersion = "Xcode 9.3";
			developmentRegion = en;
			hasScannedForEncodings = 0;
			knownRegions = (
				en,
				Base,
			);
			mainGroup = FBD9DC58243C5A61004DBAED;
			productRefGroup = FBD9DC62243C5A62004DBAED /* Products */;
			projectDirPath = "";
			projectRoot = "";
			targets = (
				FBD9DC60243C5A61004DBAED /* withoutStoryboardDemo */,
				FBD9DC79243C5A64004DBAED /* withoutStoryboardDemoTests */,
				FBD9DC84243C5A64004DBAED /* withoutStoryboardDemoUITests */,
			);
		};
/* End PBXProject section */

/* Begin PBXResourcesBuildPhase section */
		FBD9DC5F243C5A61004DBAED /* Resources */ = {
			isa = PBXResourcesBuildPhase;
			buildActionMask = 2147483647;
			files = (
				FBD9DC74243C5A64004DBAED /* LaunchScreen.storyboard in Resources */,
				FBD9DC71243C5A64004DBAED /* Assets.xcassets in Resources */,
			);
			runOnlyForDeploymentPostprocessing = 0;
		};
		FBD9DC78243C5A64004DBAED /* Resources */ = {
			isa = PBXResourcesBuildPhase;
			buildActionMask = 2147483647;
			files = (
			);
			runOnlyForDeploymentPostprocessing = 0;
		};
		FBD9DC83243C5A64004DBAED /* Resources */ = {
			isa = PBXResourcesBuildPhase;
			buildActionMask = 2147483647;
			files = (
			);
			runOnlyForDeploymentPostprocessing = 0;
		};
/* End PBXResourcesBuildPhase section */

/* Begin PBXSourcesBuildPhase section */
		FBD9DC5D243C5A61004DBAED /* Sources */ = {
			isa = PBXSourcesBuildPhase;
			buildActionMask = 2147483647;
			files = (
				FBD9DC6F243C5A62004DBAED /* withoutStoryboardDemo.xcdatamodeld in Sources */,
				FBD9DC69243C5A62004DBAED /* ViewController.swift in Sources */,
				FBD9DC65243C5A62004DBAED /* AppDelegate.swift in Sources */,
			);
			runOnlyForDeploymentPostprocessing = 0;
		};
		FBD9DC76243C5A64004DBAED /* Sources */ = {
			isa = PBXSourcesBuildPhase;
			buildActionMask = 2147483647;
			files = (
				FBD9DC7F243C5A64004DBAED /* withoutStoryboardDemoTests.swift in Sources */,
			);
			runOnlyForDeploymentPostprocessing = 0;
		};
		FBD9DC81243C5A64004DBAED /* Sources */ = {
			isa = PBXSourcesBuildPhase;
			buildActionMask = 2147483647;
			files = (
				FBD9DC8A243C5A64004DBAED /* withoutStoryboardDemoUITests.swift in Sources */,
			);
			runOnlyForDeploymentPostprocessing = 0;
		};
/* End PBXSourcesBuildPhase section */

/* Begin PBXTargetDependency section */
		FBD9DC7C243C5A64004DBAED /* PBXTargetDependency */ = {
			isa = PBXTargetDependency;
			target = FBD9DC60243C5A61004DBAED /* withoutStoryboardDemo */;
			targetProxy = FBD9DC7B243C5A64004DBAED /* PBXContainerItemProxy */;
		};
		FBD9DC87243C5A64004DBAED /* PBXTargetDependency */ = {
			isa = PBXTargetDependency;
			target = FBD9DC60243C5A61004DBAED /* withoutStoryboardDemo */;
			targetProxy = FBD9DC86243C5A64004DBAED /* PBXContainerItemProxy */;
		};
/* End PBXTargetDependency section */

/* Begin PBXVariantGroup section */
		FBD9DC72243C5A64004DBAED /* LaunchScreen.storyboard */ = {
			isa = PBXVariantGroup;
			children = (
				FBD9DC73243C5A64004DBAED /* Base */,
			);
			name = LaunchScreen.storyboard;
			sourceTree = "<group>";
		};
/* End PBXVariantGroup section */

/* Begin XCBuildConfiguration section */
		FBD9DC8C243C5A64004DBAED /* Debug */ = {
			isa = XCBuildConfiguration;
			buildSettings = {
				ALWAYS_SEARCH_USER_PATHS = NO;
				CLANG_ANALYZER_NONNULL = YES;
				CLANG_ANALYZER_NUMBER_OBJECT_CONVERSION = YES_AGGRESSIVE;
				CLANG_CXX_LANGUAGE_STANDARD = "gnu++14";
				CLANG_CXX_LIBRARY = "libc++";
				CLANG_ENABLE_MODULES = YES;
				CLANG_ENABLE_OBJC_ARC = YES;
				CLANG_ENABLE_OBJC_WEAK = YES;
				CLANG_WARN_BLOCK_CAPTURE_AUTORELEASING = YES;
				CLANG_WARN_BOOL_CONVERSION = YES;
				CLANG_WARN_COMMA = YES;
				CLANG_WARN_CONSTANT_CONVERSION = YES;
				CLANG_WARN_DEPRECATED_OBJC_IMPLEMENTATIONS = YES;
				CLANG_WARN_DIRECT_OBJC_ISA_USAGE = YES_ERROR;
				CLANG_WARN_DOCUMENTATION_COMMENTS = YES;
				CLANG_WARN_EMPTY_BODY = YES;
				CLANG_WARN_ENUM_CONVERSION = YES;
				CLANG_WARN_INFINITE_RECURSION = YES;
				CLANG_WARN_INT_CONVERSION = YES;
				CLANG_WARN_NON_LITERAL_NULL_CONVERSION = YES;
				CLANG_WARN_OBJC_IMPLICIT_RETAIN_SELF = YES;
				CLANG_WARN_OBJC_LITERAL_CONVERSION = YES;
				CLANG_WARN_OBJC_ROOT_CLASS = YES_ERROR;
				CLANG_WARN_RANGE_LOOP_ANALYSIS = YES;
				CLANG_WARN_STRICT_PROTOTYPES = YES;
				CLANG_WARN_SUSPICIOUS_MOVE = YES;
				CLANG_WARN_UNGUARDED_AVAILABILITY = YES_AGGRESSIVE;
				CLANG_WARN_UNREACHABLE_CODE = YES;
				CLANG_WARN__DUPLICATE_METHOD_MATCH = YES;
				COPY_PHASE_STRIP = NO;
				DEBUG_INFORMATION_FORMAT = dwarf;
				ENABLE_STRICT_OBJC_MSGSEND = YES;
				ENABLE_TESTABILITY = YES;
				GCC_C_LANGUAGE_STANDARD = gnu11;
				GCC_DYNAMIC_NO_PIC = NO;
				GCC_NO_COMMON_BLOCKS = YES;
				GCC_OPTIMIZATION_LEVEL = 0;
				GCC_PREPROCESSOR_DEFINITIONS = (
					"DEBUG=1",
					"$(inherited)",
				);
				GCC_WARN_64_TO_32_BIT_CONVERSION = YES;
				GCC_WARN_ABOUT_RETURN_TYPE = YES_ERROR;
				GCC_WARN_UNDECLARED_SELECTOR = YES;
				GCC_WARN_UNINITIALIZED_AUTOS = YES_AGGRESSIVE;
				GCC_WARN_UNUSED_FUNCTION = YES;
				GCC_WARN_UNUSED_VARIABLE = YES;
				IPHONEOS_DEPLOYMENT_TARGET = 13.2;
				MTL_ENABLE_DEBUG_INFO = INCLUDE_SOURCE;
				MTL_FAST_MATH = YES;
				ONLY_ACTIVE_ARCH = YES;
				SDKROOT = iphoneos;
				SWIFT_ACTIVE_COMPILATION_CONDITIONS = DEBUG;
				SWIFT_OPTIMIZATION_LEVEL = "-Onone";
			};
			name = Debug;
		};
		FBD9DC8D243C5A64004DBAED /* Release */ = {
			isa = XCBuildConfiguration;
			buildSettings = {
				ALWAYS_SEARCH_USER_PATHS = NO;
				CLANG_ANALYZER_NONNULL = YES;
				CLANG_ANALYZER_NUMBER_OBJECT_CONVERSION = YES_AGGRESSIVE;
				CLANG_CXX_LANGUAGE_STANDARD = "gnu++14";
				CLANG_CXX_LIBRARY = "libc++";
				CLANG_ENABLE_MODULES = YES;
				CLANG_ENABLE_OBJC_ARC = YES;
				CLANG_ENABLE_OBJC_WEAK = YES;
				CLANG_WARN_BLOCK_CAPTURE_AUTORELEASING = YES;
				CLANG_WARN_BOOL_CONVERSION = YES;
				CLANG_WARN_COMMA = YES;
				CLANG_WARN_CONSTANT_CONVERSION = YES;
				CLANG_WARN_DEPRECATED_OBJC_IMPLEMENTATIONS = YES;
				CLANG_WARN_DIRECT_OBJC_ISA_USAGE = YES_ERROR;
				CLANG_WARN_DOCUMENTATION_COMMENTS = YES;
				CLANG_WARN_EMPTY_BODY = YES;
				CLANG_WARN_ENUM_CONVERSION = YES;
				CLANG_WARN_INFINITE_RECURSION = YES;
				CLANG_WARN_INT_CONVERSION = YES;
				CLANG_WARN_NON_LITERAL_NULL_CONVERSION = YES;
				CLANG_WARN_OBJC_IMPLICIT_RETAIN_SELF = YES;
				CLANG_WARN_OBJC_LITERAL_CONVERSION = YES;
				CLANG_WARN_OBJC_ROOT_CLASS = YES_ERROR;
				CLANG_WARN_RANGE_LOOP_ANALYSIS = YES;
				CLANG_WARN_STRICT_PROTOTYPES = YES;
				CLANG_WARN_SUSPICIOUS_MOVE = YES;
				CLANG_WARN_UNGUARDED_AVAILABILITY = YES_AGGRESSIVE;
				CLANG_WARN_UNREACHABLE_CODE = YES;
				CLANG_WARN__DUPLICATE_METHOD_MATCH = YES;
				COPY_PHASE_STRIP = NO;
				DEBUG_INFORMATION_FORMAT = "dwarf-with-dsym";
				ENABLE_NS_ASSERTIONS = NO;
				ENABLE_STRICT_OBJC_MSGSEND = YES;
				GCC_C_LANGUAGE_STANDARD = gnu11;
				GCC_NO_COMMON_BLOCKS = YES;
				GCC_WARN_64_TO_32_BIT_CONVERSION = YES;
				GCC_WARN_ABOUT_RETURN_TYPE = YES_ERROR;
				GCC_WARN_UNDECLARED_SELECTOR = YES;
				GCC_WARN_UNINITIALIZED_AUTOS = YES_AGGRESSIVE;
				GCC_WARN_UNUSED_FUNCTION = YES;
				GCC_WARN_UNUSED_VARIABLE = YES;
				IPHONEOS_DEPLOYMENT_TARGET = 13.2;
				MTL_ENABLE_DEBUG_INFO = NO;
				MTL_FAST_MATH = YES;
				SDKROOT = iphoneos;
				SWIFT_COMPILATION_MODE = wholemodule;
				SWIFT_OPTIMIZATION_LEVEL = "-O";
				VALIDATE_PRODUCT = YES;
			};
			name = Release;
		};
		FBD9DC8F243C5A64004DBAED /* Debug */ = {
			isa = XCBuildConfiguration;
			buildSettings = {
				ASSETCATALOG_COMPILER_APPICON_NAME = AppIcon;
				CODE_SIGN_STYLE = Automatic;
				DEVELOPMENT_TEAM = 6V9XMJR84F;
				INFOPLIST_FILE = withoutStoryboardDemo/Info.plist;
				LD_RUNPATH_SEARCH_PATHS = (
					"$(inherited)",
					"@executable_path/Frameworks",
				);
				PRODUCT_BUNDLE_IDENTIFIER = com.JimFu.withoutStoryboardDemo;
				PRODUCT_NAME = "$(TARGET_NAME)";
				SWIFT_VERSION = 5.0;
				TARGETED_DEVICE_FAMILY = "1,2";
			};
			name = Debug;
		};
		FBD9DC90243C5A64004DBAED /* Release */ = {
			isa = XCBuildConfiguration;
			buildSettings = {
				ASSETCATALOG_COMPILER_APPICON_NAME = AppIcon;
				CODE_SIGN_STYLE = Automatic;
				DEVELOPMENT_TEAM = 6V9XMJR84F;
				INFOPLIST_FILE = withoutStoryboardDemo/Info.plist;
				LD_RUNPATH_SEARCH_PATHS = (
					"$(inherited)",
					"@executable_path/Frameworks",
				);
				PRODUCT_BUNDLE_IDENTIFIER = com.JimFu.withoutStoryboardDemo;
				PRODUCT_NAME = "$(TARGET_NAME)";
				SWIFT_VERSION = 5.0;
				TARGETED_DEVICE_FAMILY = "1,2";
			};
			name = Release;
		};
		FBD9DC92243C5A64004DBAED /* Debug */ = {
			isa = XCBuildConfiguration;
			buildSettings = {
				ALWAYS_EMBED_SWIFT_STANDARD_LIBRARIES = YES;
				BUNDLE_LOADER = "$(TEST_HOST)";
				CODE_SIGN_STYLE = Automatic;
				DEVELOPMENT_TEAM = 6V9XMJR84F;
				INFOPLIST_FILE = withoutStoryboardDemoTests/Info.plist;
				IPHONEOS_DEPLOYMENT_TARGET = 13.2;
				LD_RUNPATH_SEARCH_PATHS = (
					"$(inherited)",
					"@executable_path/Frameworks",
					"@loader_path/Frameworks",
				);
				PRODUCT_BUNDLE_IDENTIFIER = com.JimFu.withoutStoryboardDemoTests;
				PRODUCT_NAME = "$(TARGET_NAME)";
				SWIFT_VERSION = 5.0;
				TARGETED_DEVICE_FAMILY = "1,2";
				TEST_HOST = "$(BUILT_PRODUCTS_DIR)/withoutStoryboardDemo.app/withoutStoryboardDemo";
			};
			name = Debug;
		};
		FBD9DC93243C5A64004DBAED /* Release */ = {
			isa = XCBuildConfiguration;
			buildSettings = {
				ALWAYS_EMBED_SWIFT_STANDARD_LIBRARIES = YES;
				BUNDLE_LOADER = "$(TEST_HOST)";
				CODE_SIGN_STYLE = Automatic;
				DEVELOPMENT_TEAM = 6V9XMJR84F;
				INFOPLIST_FILE = withoutStoryboardDemoTests/Info.plist;
				IPHONEOS_DEPLOYMENT_TARGET = 13.2;
				LD_RUNPATH_SEARCH_PATHS = (
					"$(inherited)",
					"@executable_path/Frameworks",
					"@loader_path/Frameworks",
				);
				PRODUCT_BUNDLE_IDENTIFIER = com.JimFu.withoutStoryboardDemoTests;
				PRODUCT_NAME = "$(TARGET_NAME)";
				SWIFT_VERSION = 5.0;
				TARGETED_DEVICE_FAMILY = "1,2";
				TEST_HOST = "$(BUILT_PRODUCTS_DIR)/withoutStoryboardDemo.app/withoutStoryboardDemo";
			};
			name = Release;
		};
		FBD9DC95243C5A64004DBAED /* Debug */ = {
			isa = XCBuildConfiguration;
			buildSettings = {
				ALWAYS_EMBED_SWIFT_STANDARD_LIBRARIES = YES;
				CODE_SIGN_STYLE = Automatic;
				DEVELOPMENT_TEAM = 6V9XMJR84F;
				INFOPLIST_FILE = withoutStoryboardDemoUITests/Info.plist;
				LD_RUNPATH_SEARCH_PATHS = (
					"$(inherited)",
					"@executable_path/Frameworks",
					"@loader_path/Frameworks",
				);
				PRODUCT_BUNDLE_IDENTIFIER = com.JimFu.withoutStoryboardDemoUITests;
				PRODUCT_NAME = "$(TARGET_NAME)";
				SWIFT_VERSION = 5.0;
				TARGETED_DEVICE_FAMILY = "1,2";
				TEST_TARGET_NAME = withoutStoryboardDemo;
			};
			name = Debug;
		};
		FBD9DC96243C5A64004DBAED /* Release */ = {
			isa = XCBuildConfiguration;
			buildSettings = {
				ALWAYS_EMBED_SWIFT_STANDARD_LIBRARIES = YES;
				CODE_SIGN_STYLE = Automatic;
				DEVELOPMENT_TEAM = 6V9XMJR84F;
				INFOPLIST_FILE = withoutStoryboardDemoUITests/Info.plist;
				LD_RUNPATH_SEARCH_PATHS = (
					"$(inherited)",
					"@executable_path/Frameworks",
					"@loader_path/Frameworks",
				);
				PRODUCT_BUNDLE_IDENTIFIER = com.JimFu.withoutStoryboardDemoUITests;
				PRODUCT_NAME = "$(TARGET_NAME)";
				SWIFT_VERSION = 5.0;
				TARGETED_DEVICE_FAMILY = "1,2";
				TEST_TARGET_NAME = withoutStoryboardDemo;
			};
			name = Release;
		};
/* End XCBuildConfiguration section */

/* Begin XCConfigurationList section */
		FBD9DC5C243C5A61004DBAED /* Build configuration list for PBXProject "withoutStoryboardDemo" */ = {
			isa = XCConfigurationList;
			buildConfigurations = (
				FBD9DC8C243C5A64004DBAED /* Debug */,
				FBD9DC8D243C5A64004DBAED /* Release */,
			);
			defaultConfigurationIsVisible = 0;
			defaultConfigurationName = Release;
		};
		FBD9DC8E243C5A64004DBAED /* Build configuration list for PBXNativeTarget "withoutStoryboardDemo" */ = {
			isa = XCConfigurationList;
			buildConfigurations = (
				FBD9DC8F243C5A64004DBAED /* Debug */,
				FBD9DC90243C5A64004DBAED /* Release */,
			);
			defaultConfigurationIsVisible = 0;
			defaultConfigurationName = Release;
		};
		FBD9DC91243C5A64004DBAED /* Build configuration list for PBXNativeTarget "withoutStoryboardDemoTests" */ = {
			isa = XCConfigurationList;
			buildConfigurations = (
				FBD9DC92243C5A64004DBAED /* Debug */,
				FBD9DC93243C5A64004DBAED /* Release */,
			);
			defaultConfigurationIsVisible = 0;
			defaultConfigurationName = Release;
		};
		FBD9DC94243C5A64004DBAED /* Build configuration list for PBXNativeTarget "withoutStoryboardDemoUITests" */ = {
			isa = XCConfigurationList;
			buildConfigurations = (
				FBD9DC95243C5A64004DBAED /* Debug */,
				FBD9DC96243C5A64004DBAED /* Release */,
			);
			defaultConfigurationIsVisible = 0;
			defaultConfigurationName = Release;
		};
/* End XCConfigurationList section */

/* Begin XCVersionGroup section */
		FBD9DC6D243C5A62004DBAED /* withoutStoryboardDemo.xcdatamodeld */ = {
			isa = XCVersionGroup;
			children = (
				FBD9DC6E243C5A62004DBAED /* withoutStoryboardDemo.xcdatamodel */,
			);
			currentVersion = FBD9DC6E243C5A62004DBAED /* withoutStoryboardDemo.xcdatamodel */;
			path = withoutStoryboardDemo.xcdatamodeld;
			sourceTree = "<group>";
			versionGroupType = wrapper.xcdatamodel;
		};
/* End XCVersionGroup section */
	};
	rootObject = FBD9DC59243C5A61004DBAED /* Project object */;
}
